{
    "_meta": {
        "hash": {
            "sha256": "392ece12b1bffc55d86a8989ce6f81689a9272893bb3786658bb74218f4e1f81"
        },
        "pipfile-spec": 6,
        "requires": {},
        "sources": [
            {
                "name": "pypi",
                "url": "https://pypi.python.org/simple",
                "verify_ssl": true
            }
        ]
    },
    "default": {
        "agate": {
            "hashes": [
                "sha256:48d6f80b35611c1ba25a642cbc5b90fcbdeeb2a54711c4a8d062ee2809334d1c",
                "sha256:c93aaa500b439d71e4a5cf088d0006d2ce2c76f1950960c8843114e5f361dfd3"
            ],
            "version": "==1.6.1"
        },
        "agate-dbf": {
            "hashes": [
                "sha256:0666c1ad06cd4b2860351cebbd88bd4b05b2d1abd41b25cf91f8f6715035735e",
                "sha256:e445f17ebd0ab31cd0c2d086d79e95d9924deb251f733ea283161e3c8181333c"
            ],
            "version": "==0.2.0"
        },
        "agate-excel": {
            "hashes": [
                "sha256:8923f71ee2b5b7b21e52fb314a769b28fb902f647534f5cbbb41991d8710f4c7"
            ],
            "version": "==0.2.2"
        },
        "agate-sql": {
            "hashes": [
                "sha256:877b7b85adb5f0325455bba8d50a1623fa32af33680b554feca7c756a15ad9b4"
            ],
            "version": "==0.5.3"
        },
        "aiofiles": {
            "hashes": [
                "sha256:021ea0ba314a86027c166ecc4b4c07f2d40fc0f4b3a950d1868a0f2571c2bbee",
                "sha256:1e644c2573f953664368de28d2aa4c89dfd64550429d0c27c4680ccd3aa4985d"
            ],
            "version": "==0.4.0"
        },
        "babel": {
            "hashes": [
                "sha256:6778d85147d5d85345c14a26aada5e478ab04e39b078b0745ee6870c2b5cf669",
                "sha256:8cba50f48c529ca3fa18cf81fa9403be176d374ac4d60738b839122dfaaa3d23"
            ],
            "version": "==2.6.0"
        },
        "certifi": {
            "hashes": [
                "sha256:339dc09518b07e2fa7eda5450740925974815557727d6bd35d319c1524a04a4c",
                "sha256:6d58c986d22b038c8c0df30d639f23a3e6d172a05c3583e766f4c0b785c0986a"
            ],
            "version": "==2018.10.15"
        },
        "chardet": {
            "hashes": [
                "sha256:84ab92ed1c4d4f16916e05906b6b75a6c0fb5db821cc65e70cbd64a3e2a5eaae",
                "sha256:fc323ffcaeaed0e0a02bf4d117757b98aed530d9ed4531e3e15460124c106691"
            ],
            "version": "==3.0.4"
        },
        "click": {
            "hashes": [
                "sha256:29f99fc6125fbc931b758dc053b3114e55c77a6e4c6c3a2674a2dc986016381d",
                "sha256:f15516df478d5a56180fbf80e68f206010e6d160fc39fa508b65e035fd75130b"
            ],
            "version": "==6.7"
        },
        "click-default-group": {
            "hashes": [
                "sha256:ba8c43d9c384e1ea7127484c5fc8f4e1ca759519a64fff10718d53f4b82c412a"
            ],
            "version": "==1.2"
        },
        "csvkit": {
            "hashes": [
                "sha256:a6c859c1321d4697dc41252877249091681297f093e08d9c1e1828a6d52c260c"
            ],
            "index": "pypi",
            "version": "==1.0.3"
        },
        "csvs-to-sqlite": {
            "hashes": [
                "sha256:b1bd64ff2da5816ac8b6fa5cab7038c4f8fbca1ef2c8d66b562f762f3d040a8a"
            ],
            "index": "pypi",
            "version": "==0.8.1"
        },
        "datasette": {
            "hashes": [
                "sha256:fc722faa56019baa455d452afc744319186e8663cf2210e8de5b1fe040ec7825"
            ],
            "index": "pypi",
            "version": "==0.25"
        },
        "datasette-cluster-map": {
            "hashes": [
                "sha256:9a37d5abe6ccabee9a9ba283065a1e674b3921d12fbbc94297c05e5cb8eaa8fc"
            ],
            "index": "pypi",
            "version": "==0.4"
        },
        "datasette-vega": {
            "hashes": [
                "sha256:6aca6a40f0b244d6d05548bfff94a99f0ef96bd5b89ade241f0d389f7a01a063"
            ],
            "index": "pypi",
            "version": "==0.6.2"
        },
        "dateparser": {
            "hashes": [
                "sha256:940828183c937bcec530753211b70f673c0a9aab831e43273489b310538dff86",
                "sha256:b452ef8b36cd78ae86a50721794bc674aa3994e19b570f7ba92810f4e0a2ae03"
            ],
            "index": "pypi",
            "version": "==0.7.0"
        },
        "dbfread": {
            "hashes": [
                "sha256:07c8a9af06ffad3f6f03e8fe91ad7d2733e31a26d2b72c4dd4cfbae07ee3b73d",
                "sha256:f604def58c59694fa0160d7be5d0b8d594467278d2bb6a47d46daf7162c84cec"
            ],
            "version": "==2.0.7"
        },
        "et-xmlfile": {
            "hashes": [
                "sha256:614d9722d572f6246302c4491846d2c393c199cfa4edc9af593437691683335b"
            ],
            "version": "==1.0.1"
        },
        "future": {
            "hashes": [
                "sha256:eb6d4df04f1fb538c99f69c9a28b255d1ee4e825d479b9c62fc38c0cf38065a4"
            ],
            "version": "==0.17.0"
        },
        "httptools": {
            "hashes": [
                "sha256:04c7703bbef0e8ca28b09811547352b8c7c20549eab70dc24e536bb24fd2b7c5"
            ],
            "version": "==0.0.11"
        },
        "hupper": {
            "hashes": [
                "sha256:afb9584fc387c962824627bb243d7d92c276df608a771b17c8b727a7de34920a",
                "sha256:e0dbe89b637b59d82687ba7f74690a0fa37d0f5ca4963cbb9069834ab08272fe"
            ],
            "version": "==1.0"
        },
        "idna": {
            "hashes": [
                "sha256:156a6814fb5ac1fc6850fb002e0852d56c0c8d2531923a51032d1b70760e186e",
                "sha256:684a38a6f903c1d71d6d5fac066b58d7768af4de2b832e426ec79c30daa94a16"
            ],
            "version": "==2.7"
        },
        "isodate": {
            "hashes": [
                "sha256:2e364a3d5759479cdb2d37cce6b9376ea504db2ff90252a2e5b7cc89cc9ff2d8",
                "sha256:aa4d33c06640f5352aca96e4b81afd8ab3b47337cc12089822d6f322ac772c81"
            ],
            "version": "==0.6.0"
        },
        "jdcal": {
            "hashes": [
                "sha256:948fb8d079e63b4be7a69dd5f0cd618a0a57e80753de8248fd786a8a20658a07",
                "sha256:ea0a5067c5f0f50ad4c7bdc80abad3d976604f6fb026b0b3a17a9d84bb9046c9"
            ],
            "version": "==1.4"
        },
        "jinja2": {
            "hashes": [
                "sha256:74c935a1b8bb9a3947c50a54766a969d4846290e1e788ea44c1392163723c3bd",
                "sha256:f84be1bb0040caca4cea721fcbbbbd61f9be9464ca236387158b0feea01914a4"
            ],
            "version": "==2.10"
        },
        "leather": {
            "hashes": [
                "sha256:076d1603b5281488285718ce1a5ce78cf1027fe1e76adf9c548caf83c519b988",
                "sha256:e0bb36a6d5f59fbf3c1a6e75e7c8bee29e67f06f5b48c0134407dde612eba5e2"
            ],
            "version": "==0.3.3"
        },
        "markupsafe": {
            "hashes": [
                "sha256:a6be69091dac236ea9c6bc7d012beab42010fa914c459791d627dad4910eb665"
            ],
            "version": "==1.0"
        },
        "numpy": {
            "hashes": [
                "sha256:032df9b6571c5f1d41ea6f6a189223208cb488990373aa686aca55570fcccb42",
                "sha256:094f8a83e5bd0a44a7557fa24a46db6ba7d5299c389ddbc9e0e18722f567fb63",
                "sha256:1c0c80e74759fa4942298044274f2c11b08c86230b25b8b819e55e644f5ff2b6",
                "sha256:2aa0910eaeb603b1a5598193cc3bc8eacf1baf6c95cbc3955eb8e15fa380c133",
                "sha256:2f5ebc7a04885c7d69e5daa05208faef4db7f1ae6a99f4d36962df8cd54cdc76",
                "sha256:32a07241cb624e104b88b08dea2851bf4ec5d65a1f599d7735041ced7171fd7a",
                "sha256:3c7959f750b54b445f14962a3ddc41b9eadbab00b86da55fbb1967b2b79aad10",
                "sha256:3d8f9273c763a139a99e65c2a3c10f1109df30bedae7f011b10d95c538364704",
                "sha256:63bca71691339d2d6f8a7c970821f2b12098a53afccc0190d4e1555e75e5223a",
                "sha256:7ae9c3baff3b989859c88e0168ad10902118595b996bf781eaf011bb72428798",
                "sha256:866a7c8774ccc7d603667fad95456b4cf56d79a2bb5a7648ac9f0082e0b9416e",
                "sha256:8bc4b92a273659e44ca3f3a2f8786cfa39d8302223bcfe7df794429c63d5f5a1",
                "sha256:919f65e0732195474897b1cafefb4d4e7c2bb8174a725e506b62e9096e4df28d",
                "sha256:9d1598573d310104acb90377f0a8c2319f737084689f5eb18012becaf345cda5",
                "sha256:9fff90c88bfaad2901be50453d5cd7897a826c1d901f0654ee1d73ab3a48cd18",
                "sha256:a245464ddf6d90e2d6287e9cef6bcfda2a99467fdcf1b677b99cd0b6c7b43de2",
                "sha256:a988db28f54e104a01e8573ceb6f28202b4c15635b1450b2e3b2b822c6564f9b",
                "sha256:b12fe6f31babb9477aa0f9692730654b3ee0e71f33b4568170dfafd439caf0a2",
                "sha256:b7599ff4acd23f5de983e3aec772153b1043e131487a5c6ad0f94b41a828877a",
                "sha256:c9f4dafd6065c4c782be84cd67ceeb9b1d4380af60a7af32be10ebecd723385e",
                "sha256:ce3622b73ccd844ba301c1aea65d36cf9d8331e7c25c16b1725d0f14db99aaf4",
                "sha256:d0f36a24cf8061a2c03e151be3418146717505b9b4ec17502fa3bbdb04ec1431",
                "sha256:d263f8f14f2da0c079c0297e829e550d8f2c4e0ffef215506bd1d0ddd2bff3de",
                "sha256:d8837ff272800668aabdfe70b966631914b0d6513aed4fc1b1428446f771834d",
                "sha256:ef694fe72a3995aa778a5095bda946e0d31f7efabd5e8063ad8c6238ab7d3f78",
                "sha256:f1fd1a6f40a501ba4035f5ed2c1f4faa68245d1407bf97d2ee401e4f23d1720b",
                "sha256:fa337b6bd5fe2b8c4e705f4102186feb9985de9bb8536d32d5129a658f1789e0",
                "sha256:febd31cd0d2fd2509ca2ec53cb339f8bf593c1bd245b9fc55c1917a68532a0af"
            ],
            "version": "==1.15.3"
        },
        "openpyxl": {
            "hashes": [
                "sha256:022c0f3fa1e873cc0ba20651c54dd5e6276fc4ff150b4060723add4fc448645e"
            ],
            "version": "==2.5.9"
        },
        "pandas": {
            "hashes": [
                "sha256:0811ede1b9b338169803e04e665f8127283995223d296a2e61eca99d14f0a9a7",
                "sha256:09ab1d66f6db0e6bb74c15813fcfbd6f0f2a7a78c8824d56e285360833cd225c",
                "sha256:19eff29057c05e498e66b6c373860db0520adf2601647c7147022861a5be7dac",
                "sha256:25219ad2b5a203bfd6f84ab179594536eb00ef91b0c6615715450788f2306c80",
                "sha256:2595f720809a494c36e42d778bcb4bcc5aca4afd6a2dc783b927b73e1f7351ed",
                "sha256:26e9a0f4299f39816b469c83b2f3a04dcaa2727bde93469959ba63574f16e15a",
                "sha256:353608eeeac4d6666390998dd37689ba26920ec08c007fbe46fef98a4be5224b",
                "sha256:39732ac0ca2963eb78da570c16fb9dbf5c7f84409974ca15f32876091cb533a2",
                "sha256:39fda572ec544836bdc913b36f6efdbd453116c6fea8df24764cf10d86ba0ad6",
                "sha256:58b56065ac2298cdc6d12c69a34dc0d2315bb3827ca014a227b7412c5ee4204f",
                "sha256:6ea455587b3b2a73288f00476a5b20862052d69d287cda7aadff570a48972cbf",
                "sha256:70463d4e04a39fb530461a1e50c6068b14b668ccf756f5111599198e3db47cb8",
                "sha256:908e09bf7951162aa639a8414d511e2b7774922c6e14fb8af2ed67e5767b867b",
                "sha256:9677e26f40050c2262391df02674ae277d1cf137986b6611de4b4c86ddc62c08",
                "sha256:a53ab088ab3848a4140476e438e4ba41054f802ef432a188c5d849e41c7b2a9c",
                "sha256:a777e07633d83d546c55706420179551c8e01075b53c497dcf8ae4036766bc66",
                "sha256:aebedc41d9ffd5da31b28aa6d32c70a904432d0259eee4ff0da494395d7e4ed6",
                "sha256:bac73f33a578ee40cc96b7512bf8596cdc534892336e0cf4f8dde80eed7c916d",
                "sha256:cbaa99186712e697cb4775c625e7924cf17200a01bad441e6135c3a932f51d11",
                "sha256:d0e85e1d8c46758ab6a07467438b6a625e60532c5aab46b6bc570a3b8243c697",
                "sha256:d8635f161aadd23262ab94e0c2962dd6c727505a3c7e987e33f0172ab40a2f3a",
                "sha256:d8b636ee0a992551b5bfe5bb8518db3e56301ce21394993668c72fe2f23efaf0",
                "sha256:eea812e11da3f53fce9f8474a3ab42124e0ae4a359d9d1677d676cb3dfacb217",
                "sha256:fcc312dd529c91e0fdc074cb466367e856ee337f727aa739a77df49f647c8011"
            ],
            "version": "==0.20.3"
        },
        "parsedatetime": {
            "hashes": [
                "sha256:3d817c58fb9570d1eec1dd46fa9448cd644eeed4fb612684b02dfda3a79cb84b",
                "sha256:9ee3529454bf35c40a77115f5a596771e59e1aee8c53306f346c461b8e913094"
            ],
            "version": "==2.4"
        },
        "pint": {
            "hashes": [
                "sha256:afcf31443a478c32bbac4b00337ee9026a13d0e2ac83d30c79151462513bb0d4"
            ],
            "version": "==0.8.1"
        },
        "pluggy": {
            "hashes": [
                "sha256:447ba94990e8014ee25ec853339faf7b0fc8050cdc3289d4d71f7f410fb90095",
                "sha256:bde19360a8ec4dfd8a20dcb811780a30998101f078fc7ded6162f0076f50508f"
            ],
            "version": "==0.8.0"
        },
        "py-lru-cache": {
            "hashes": [
                "sha256:02df33684e13e1a78987bf9f8b0ac90210952857d9d12d1cf83fd0c906456af0"
            ],
            "version": "==0.1.4"
        },
        "python-dateutil": {
            "hashes": [
                "sha256:063df5763652e21de43de7d9e00ccf239f953a832941e37be541614732cdfc93",
                "sha256:88f9287c0174266bb0d8cedd395cfba9c58e87e5ad86b2ce58859bc11be3cf02"
            ],
            "version": "==2.7.5"
        },
        "python-levenshtein": {
            "hashes": [
                "sha256:033a11de5e3d19ea25c9302d11224e1a1898fe5abd23c61c7c360c25195e3eb1"
            ],
            "index": "pypi",
            "version": "==0.12.0"
        },
        "python-slugify": {
            "hashes": [
                "sha256:7723daf30996db26573176bddcdf5fcb98f66dc70df05c9cb29f2c79b8193245"
            ],
            "version": "==1.2.6"
        },
        "pytimeparse": {
            "hashes": [
                "sha256:04b7be6cc8bd9f5647a6325444926c3ac34ee6bc7e69da4367ba282f076036bd",
                "sha256:e86136477be924d7e670646a98561957e8ca7308d44841e21f5ddea757556a0a"
            ],
            "version": "==1.1.8"
        },
        "pytz": {
            "hashes": [
                "sha256:31cb35c89bd7d333cd32c5f278fca91b523b0834369e757f4c5641ea252236ca",
                "sha256:8e0f8568c118d3077b46be7d654cc8167fa916092e28320cde048e54bfc9f1e6"
            ],
            "version": "==2018.7"
        },
        "regex": {
            "hashes": [
                "sha256:22d7ef8c2df344328a8a3c61edade2ee714e5de9360911d22a9213931c769faa",
                "sha256:3a699780c6b712c67dc23207b129ccc6a7e1270233f7aadead3ea3f83c893702",
                "sha256:42f460d349baebd5faec02a0c920988fb0300b24baf898d9c139886565b66b6c",
                "sha256:43bf3d79940cbdf19adda838d8b26b28b47bec793cda46590b5b25703742f440",
                "sha256:47d6c7f0588ef33464e00023067c4e7cce68e0d6a686a73c7ee15abfdad503d4",
                "sha256:5b879f59f25ed9b91bc8693a9a994014b431f224f492519ad0255ce6b54b83e5",
                "sha256:8ba0093c412900f636b0f826c597a0c3ea0e395344bc99894ddefe88b76c9c7e",
                "sha256:a4789254a1a0bd7a637036cce0b7ed72d8cc864e93f2e9cfd10ac00ae27bb7b0",
                "sha256:b73cea07117dca888b0c3671770b501bef19aac9c45c8ffdb5bea2cca2377b0a",
                "sha256:d3eb59fa3e5b5438438ec97acd9dc86f077428e020b015b43987e35bea68ef4c",
                "sha256:d51d232b4e2f106deaf286001f563947fee255bc5bd209a696f027e15cf0a1e7",
                "sha256:d59b03131a8e35061b47a8f186324a95eaf30d5f6ee9cc0637e7b87d29c7c9b5",
                "sha256:dd705df1b47470388fc4630e4df3cbbe7677e2ab80092a1c660cae630a307b2d",
                "sha256:e87fffa437a4b00afb17af785da9b01618425d6cd984c677639deb937037d8f2",
                "sha256:ed40e0474ab5ab228a8d133759d451b31d3ccdebaff698646e54aff82c3de4f8"
            ],
            "version": "==2018.8.29"
        },
        "requests": {
            "hashes": [
                "sha256:99dcfdaaeb17caf6e526f32b6a7b780461512ab3f1d992187801694cba42770c",
                "sha256:a84b8c9ab6239b578f22d1c21d51b696dcfe004032bb80ea832398d6909d7279"
            ],
            "index": "pypi",
            "version": "==2.20.0"
        },
        "sanic": {
            "hashes": [
                "sha256:18a3bd729093ac93a245849c44045c505a11e6d36da5bf231cb986bfb1e3c14c",
                "sha256:22b1a6f1dc55db8a136335cb0961afa95040ca78aa8c78425a40d91e8618e60e"
            ],
            "version": "==0.7.0"
        },
        "six": {
            "hashes": [
                "sha256:70e8a77beed4562e7f14fe23a786b54f6296e34344c23bc42f07b15018ff98e9",
                "sha256:832dc0e10feb1aa2c68dcc57dbb658f1c7e65b9b61af69048abc87a2db00a0eb"
            ],
            "version": "==1.11.0"
        },
        "sqlalchemy": {
            "hashes": [
                "sha256:c5951d9ef1d5404ed04bae5a16b60a0779087378928f997a294d1229c6ca4d3e"
            ],
            "version": "==1.2.12"
        },
        "tzlocal": {
            "hashes": [
                "sha256:27d58a0958dc884d208cdaf45ef5892bf2a57d21d9611f2ac45e51f1973e8cab",
                "sha256:f124f198e5d86b3538b140883472beaa82d2c0efc0cd9694dfdbe39079e22e69"
            ],
            "version": "==2.0.0b1"
        },
        "ujson": {
            "hashes": [
                "sha256:f66073e5506e91d204ab0c614a148d5aa938bdbf104751be66f8ad7a222f5f86"
            ],
            "version": "==1.35"
        },
        "unidecode": {
            "hashes": [
                "sha256:72f49d3729f3d8f5799f710b97c1451c5163102e76d64d20e170aedbbd923582",
                "sha256:8c33dd588e0c9bc22a76eaa0c715a5434851f726131bd44a6c26471746efabf5"
            ],
            "version": "==1.0.22"
        },
        "urllib3": {
            "hashes": [
                "sha256:41c3db2fc01e5b907288010dec72f9d0a74e37d6994e6eb56849f59fea2265ae",
                "sha256:8819bba37a02d143296a4d032373c4dd4aca11f6d4c9973335ca75f9c8475f59"
            ],
            "version": "==1.24"
        },
        "uvloop": {
            "hashes": [
                "sha256:0657ebcccb261bdd0a360c83dbc6c1218f13cf5c1a3f381bca68ba5977bb6e5a",
                "sha256:089b3513db7f2122ac00a9ce18be879d626a566537c93bbcbb54053e3f24acf5",
                "sha256:251744b1bb162577db2e48cccb28ec9bad4126591471e6ba63dcbe71abc1c741",
                "sha256:4076d40ae0b7557d5982ffe726b153c947a4d70725080ead0121006bdb9f7431",
                "sha256:58d6978112ff292cedf2fd754c8085c9a8c6b98737b8ab3cda3d2a081977a91e",
                "sha256:a97bd62ebbdf7e6e84bf44afe439d9b24ce4d8661a29a639626a8c03748f6f98",
                "sha256:c2e04cab3e2c71d79002a814a243bc42f0253eb761b1f3af989d38ec8142532c",
                "sha256:cbab9f6de63b10fc4991cbf9a720a8ceecfba501f5571f35fc3a74c76223ea66",
                "sha256:d3818242d174a326ea49e2e8f7c1e448432ce17ecb31aeb5084600950857b663",
                "sha256:f2ffcaa13a5e279d0b3296cd6c691df39876cc818482168a80edd3b0e5deef57"
            ],
            "version": "==0.11.2"
        },
        "websockets": {
            "hashes": [
                "sha256:0e2f7d6567838369af074f0ef4d0b802d19fa1fee135d864acc656ceefa33136",
                "sha256:2a16dac282b2fdae75178d0ed3d5b9bc3258dabfae50196cbb30578d84b6f6a6",
                "sha256:5a1fa6072405648cb5b3688e9ed3b94be683ce4a4e5723e6f5d34859dee495c1",
                "sha256:5c1f55a1274df9d6a37553fef8cff2958515438c58920897675c9bc70f5a0538",
                "sha256:669d1e46f165e0ad152ed8197f7edead22854a6c90419f544e0f234cc9dac6c4",
                "sha256:695e34c4dbea18d09ab2c258994a8bf6a09564e762655408241f6a14592d2908",
                "sha256:6b2e03d69afa8d20253455e67b64de1a82ff8612db105113cccec35d3f8429f0",
                "sha256:79ca7cdda7ad4e3663ea3c43bfa8637fc5d5604c7737f19a8964781abbd1148d",
                "sha256:7fd2dd9a856f72e6ed06f82facfce01d119b88457cd4b47b7ae501e8e11eba9c",
                "sha256:82c0354ac39379d836719a77ee360ef865377aa6fdead87909d50248d0f05f4d",
                "sha256:8f3b956d11c5b301206382726210dc1d3bee1a9ccf7aadf895aaf31f71c3716c",
                "sha256:91ec98640220ae05b34b79ee88abf27f97ef7c61cf525eec57ea8fcea9f7dddb",
                "sha256:952be9540d83dba815569d5cb5f31708801e0bbfc3a8c5aef1890b57ed7e58bf",
                "sha256:99ac266af38ba1b1fe13975aea01ac0e14bb5f3a3200d2c69f05385768b8568e",
                "sha256:9fa122e7adb24232247f8a89f2d9070bf64b7869daf93ac5e19546b409e47e96",
                "sha256:a0873eadc4b8ca93e2e848d490809e0123eea154aa44ecd0109c4d0171869584",
                "sha256:cb998bd4d93af46b8b49ecf5a72c0a98e5cc6d57fdca6527ba78ad89d6606484",
                "sha256:e02e57346f6a68523e3c43bbdf35dde5c440318d1f827208ae455f6a2ace446d",
                "sha256:e79a5a896bcee7fff24a788d72e5c69f13e61369d055f28113e71945a7eb1559",
                "sha256:ee55eb6bcf23ecc975e6b47c127c201b913598f38b6a300075f84eeef2d3baff",
                "sha256:f1414e6cbcea8d22843e7eafdfdfae3dd1aba41d1945f6ca66e4806c07c4f454"
            ],
            "version": "==6.0"
        },
        "xlrd": {
            "hashes": [
                "sha256:83a1d2f1091078fb3f65876753b5302c5cfb6a41de64b9587b74cefa75157148",
                "sha256:8a21885513e6d915fe33a8ee5fdfa675433b61405ba13e2a69e62ee36828d7e2"
            ],
            "version": "==1.1.0"
        }
    },
    "develop": {
        "appdirs": {
            "hashes": [
                "sha256:9e5896d1372858f8dd3344faf4e5014d21849c756c8d5701f78f8a103b372d92",
                "sha256:d8b24664561d0d34ddfaec54636d502d7cea6e29c3eaf68f3df6180863e2166e"
            ],
            "version": "==1.4.3"
        },
        "attrs": {
            "hashes": [
                "sha256:10cbf6e27dbce8c30807caf056c8eb50917e0eaafe86347671b57254006c3e69",
                "sha256:ca4be454458f9dec299268d472aaa5a11f67a4ff70093396e1ceae9c76cf4bbb"
            ],
            "version": "==18.2.0"
        },
        "black": {
            "hashes": [
                "sha256:817243426042db1d36617910df579a54f1afd659adb96fc5032fcf4b36209739",
                "sha256:e030a9a28f542debc08acceb273f228ac422798e5215ba2a791a6ddeaaca22a5"
            ],
            "index": "pypi",
            "version": "==18.9b0"
        },
        "click": {
            "hashes": [
                "sha256:29f99fc6125fbc931b758dc053b3114e55c77a6e4c6c3a2674a2dc986016381d",
                "sha256:f15516df478d5a56180fbf80e68f206010e6d160fc39fa508b65e035fd75130b"
            ],
            "version": "==6.7"
        },
        "flake8": {
            "hashes": [
                "sha256:6a35f5b8761f45c5513e3405f110a86bea57982c3b75b766ce7b65217abe1670",
                "sha256:c01f8a3963b3571a8e6bd7a4063359aff90749e160778e03817cd9b71c9e07d2"
            ],
            "index": "pypi",
            "version": "==3.6.0"
        },
        "isort": {
            "hashes": [
                "sha256:1153601da39a25b14ddc54955dbbacbb6b2d19135386699e2ad58517953b34af",
                "sha256:b9c40e9750f3d77e6e4d441d8b0266cf555e7cdabdcff33c4fd06366ca761ef8",
                "sha256:ec9ef8f4a9bc6f71eec99e1806bfa2de401650d996c59330782b89a5555c1497"
            ],
            "index": "pypi",
            "version": "==4.3.4"
        },
        "mccabe": {
            "hashes": [
                "sha256:ab8a6258860da4b6677da4bd2fe5dc2c659cff31b3ee4f7f5d64e79735b80d42",
                "sha256:dd8d182285a0fe56bace7f45b5e7d1a6ebcbf524e8f3bd87eb0f125271b8831f"
            ],
            "version": "==0.6.1"
        },
        "pycodestyle": {
            "hashes": [
                "sha256:cbc619d09254895b0d12c2c691e237b2e91e9b2ecf5e84c26b35400f93dcfb83",
                "sha256:cbfca99bd594a10f674d0cd97a3d802a1fdef635d4361e1a2658de47ed261e3a"
            ],
            "version": "==2.4.0"
        },
        "pyflakes": {
            "hashes": [
                "sha256:9a7662ec724d0120012f6e29d6248ae3727d821bba522a0e6b356eff19126a49",
                "sha256:f661252913bc1dbe7fcfcbf0af0db3f42ab65aabd1a6ca68fe5d466bace94dae"
            ],
            "version": "==2.0.0"
        },
        "toml": {
            "hashes": [
                "sha256:229f81c57791a41d65e399fc06bf0848bab550a9dfd5ed66df18ce5f05e73d5c",
                "sha256:235682dd292d5899d361a811df37e04a8828a5b1da3115886b73cf81ebc9100e"
            ],
            "version": "==0.10.0"
        }
    }
}
